Microsoft Visual Studio Solution File, Format Version 12.00
# Visual Studio Version 17
VisualStudioVersion = 17.3.32922.545
MinimumVisualStudioVersion = 10.0.40219.1
Project("{9A19103F-16F7-4668-BE54-9A1E7A4F7556}") = "Artemis.Plugins.Games.Waven", "Artemis.Plugins.Games.Waven\Artemis.Plugins.Games.Waven.csproj", "{29587F6E-02BD-4D30-B995-2F0D28AF02D5}"
EndProject
Global
	GlobalSection(SolutionConfigurationPlatforms) = preSolution
		Debug|x64 = Debug|x64
		Release|x64 = Release|x64
	EndGlobalSection
	GlobalSection(ProjectConfigurationPlatforms) = postSolution
		{29587F6E-02BD-4D30-B995-2F0D28AF02D5}.Debug|x64.ActiveCfg = Debug|x64
		{29587F6E-02BD-4D30-B995-2F0D28AF02D5}.Debug|x64.Build.0 = Debug|x64
		{29587F6E-02BD-4D30-B995-2F0D28AF02D5}.Release|x64.ActiveCfg = Release|x64
		{29587F6E-02BD-4D30-B995-2F0D28AF02D5}.Release|x64.Build.0 = Release|x64
	EndGlobalSection
	GlobalSection(SolutionProperties) = preSolution
		HideSolutionNode = FALSE
	EndGlobalSection
	GlobalSection(ExtensibilityGlobals) = postSolution
		SolutionGuid = {35B52D87-24AC-4480-A264-106C3B56DD0F}
	EndGlobalSection
EndGlobal
